{
  "requires": true,
  "lockfileVersion": 1,
  "dependencies": {
    "@mdi/font": {
      "version": "5.0.45",
      "resolved": "https://registry.npmjs.org/@mdi/font/-/font-5.0.45.tgz",
      "integrity": "sha512-3sOO/UMyQqrmizW5zjvhKJP4FZFO7LblRw4G0alDxK1ekUwNxNXI7hYv8ACAv8H44riBuqlVJ7u39XDqv/Xwuw=="
    },
    "bootstrap": {
      "version": "4.4.1",
      "resolved": "https://registry.npmjs.org/bootstrap/-/bootstrap-4.4.1.tgz",
      "integrity": "sha512-tbx5cHubwE6e2ZG7nqM3g/FZ5PQEDMWmMGNrCUBVRPHXTJaH7CBDdsLeu3eCh3B1tzAxTnAbtmrzvWEvT2NNEA=="
    }
  }
}
